// !$*UTF8*$!
{
	archiveVersion = 1;
	classes = {
	};
	objectVersion = 50;
	objects = {

/* Begin PBXBuildFile section */
		F7CC76A42580B51E00D085AB /* AppDelegate.swift in Sources */ = {isa = PBXBuildFile; fileRef = F7CC76A32580B51E00D085AB /* AppDelegate.swift */; };
		F7CC76A62580B51E00D085AB /* art.scnassets in Resources */ = {isa = PBXBuildFile; fileRef = F7CC76A52580B51E00D085AB /* art.scnassets */; };
		F7CC76A82580B51E00D085AB /* ViewController.swift in Sources */ = {isa = PBXBuildFile; fileRef = F7CC76A72580B51E00D085AB /* ViewController.swift */; };
		F7CC76AB2580B51E00D085AB /* Main.storyboard in Resources */ = {isa = PBXBuildFile; fileRef = F7CC76A92580B51E00D085AB /* Main.storyboard */; };
		F7CC76AD2580B51F00D085AB /* Assets.xcassets in Resources */ = {isa = PBXBuildFile; fileRef = F7CC76AC2580B51F00D085AB /* Assets.xcassets */; };
		F7CC76B02580B51F00D085AB /* LaunchScreen.storyboard in Resources */ = {isa = PBXBuildFile; fileRef = F7CC76AE2580B51F00D085AB /* LaunchScreen.storyboard */; };
		F7CC76C22580BFF300D085AB /* Utilities.swift in Sources */ = {isa = PBXBuildFile; fileRef = F7CC76C12580BFF300D085AB /* Utilities.swift */; };
		F7CC76C62580C0E200D085AB /* FocusSquare.swift in Sources */ = {isa = PBXBuildFile; fileRef = F7CC76C52580C0E200D085AB /* FocusSquare.swift */; };
		F7CC76C92580C12F00D085AB /* FocusSquareSegment.swift in Sources */ = {isa = PBXBuildFile; fileRef = F7CC76C82580C12F00D085AB /* FocusSquareSegment.swift */; };
		F7CC76CD2580CCC100D085AB /* VC+ARCoachingOverlayViewDelegate.swift in Sources */ = {isa = PBXBuildFile; fileRef = F7CC76CC2580CCC100D085AB /* VC+ARCoachingOverlayViewDelegate.swift */; };
		F7CC76D12580CCEA00D085AB /* VC+ARSCNViewDelegate.swift in Sources */ = {isa = PBXBuildFile; fileRef = F7CC76D02580CCEA00D085AB /* VC+ARSCNViewDelegate.swift */; };
		F7CC76D52580D01300D085AB /* VirtualObject.swift in Sources */ = {isa = PBXBuildFile; fileRef = F7CC76D42580D01300D085AB /* VirtualObject.swift */; };
		F7CC76D92580D33000D085AB /* VirtualObjectLoader.swift in Sources */ = {isa = PBXBuildFile; fileRef = F7CC76D82580D33000D085AB /* VirtualObjectLoader.swift */; };
/* End PBXBuildFile section */

/* Begin PBXFileReference section */
		F7CC76A02580B51E00D085AB /* ar.app */ = {isa = PBXFileReference; explicitFileType = wrapper.application; includeInIndex = 0; path = ar.app; sourceTree = BUILT_PRODUCTS_DIR; };
		F7CC76A32580B51E00D085AB /* AppDelegate.swift */ = {isa = PBXFileReference; lastKnownFileType = sourcecode.swift; path = AppDelegate.swift; sourceTree = "<group>"; };
		F7CC76A52580B51E00D085AB /* art.scnassets */ = {isa = PBXFileReference; lastKnownFileType = wrapper.scnassets; path = art.scnassets; sourceTree = "<group>"; };
		F7CC76A72580B51E00D085AB /* ViewController.swift */ = {isa = PBXFileReference; lastKnownFileType = sourcecode.swift; path = ViewController.swift; sourceTree = "<group>"; };
		F7CC76AA2580B51E00D085AB /* Base */ = {isa = PBXFileReference; lastKnownFileType = file.storyboard; name = Base; path = Base.lproj/Main.storyboard; sourceTree = "<group>"; };
		F7CC76AC2580B51F00D085AB /* Assets.xcassets */ = {isa = PBXFileReference; lastKnownFileType = folder.assetcatalog; path = Assets.xcassets; sourceTree = "<group>"; };
		F7CC76AF2580B51F00D085AB /* Base */ = {isa = PBXFileReference; lastKnownFileType = file.storyboard; name = Base; path = Base.lproj/LaunchScreen.storyboard; sourceTree = "<group>"; };
		F7CC76B12580B51F00D085AB /* Info.plist */ = {isa = PBXFileReference; lastKnownFileType = text.plist.xml; path = Info.plist; sourceTree = "<group>"; };
		F7CC76C12580BFF300D085AB /* Utilities.swift */ = {isa = PBXFileReference; lastKnownFileType = sourcecode.swift; path = Utilities.swift; sourceTree = "<group>"; };
		F7CC76C52580C0E200D085AB /* FocusSquare.swift */ = {isa = PBXFileReference; lastKnownFileType = sourcecode.swift; path = FocusSquare.swift; sourceTree = "<group>"; };
		F7CC76C82580C12F00D085AB /* FocusSquareSegment.swift */ = {isa = PBXFileReference; lastKnownFileType = sourcecode.swift; path = FocusSquareSegment.swift; sourceTree = "<group>"; };
		F7CC76CC2580CCC100D085AB /* VC+ARCoachingOverlayViewDelegate.swift */ = {isa = PBXFileReference; lastKnownFileType = sourcecode.swift; path = "VC+ARCoachingOverlayViewDelegate.swift"; sourceTree = "<group>"; };
		F7CC76D02580CCEA00D085AB /* VC+ARSCNViewDelegate.swift */ = {isa = PBXFileReference; lastKnownFileType = sourcecode.swift; path = "VC+ARSCNViewDelegate.swift"; sourceTree = "<group>"; };
		F7CC76D42580D01300D085AB /* VirtualObject.swift */ = {isa = PBXFileReference; lastKnownFileType = sourcecode.swift; path = VirtualObject.swift; sourceTree = "<group>"; };
		F7CC76D82580D33000D085AB /* VirtualObjectLoader.swift */ = {isa = PBXFileReference; lastKnownFileType = sourcecode.swift; path = VirtualObjectLoader.swift; sourceTree = "<group>"; };
/* End PBXFileReference section */

/* Begin PBXFrameworksBuildPhase section */
		F7CC769D2580B51E00D085AB /* Frameworks */ = {
			isa = PBXFrameworksBuildPhase;
			buildActionMask = 2147483647;
			files = (
			);
			runOnlyForDeploymentPostprocessing = 0;
		};
/* End PBXFrameworksBuildPhase section */

/* Begin PBXGroup section */
		F7CC76972580B51E00D085AB = {
			isa = PBXGroup;
			children = (
				F7CC76A22580B51E00D085AB /* ar */,
				F7CC76B82580B59B00D085AB /* Resource */,
				F7CC76A12580B51E00D085AB /* Products */,
			);
			sourceTree = "<group>";
		};
		F7CC76A12580B51E00D085AB /* Products */ = {
			isa = PBXGroup;
			children = (
				F7CC76A02580B51E00D085AB /* ar.app */,
			);
			name = Products;
			sourceTree = "<group>";
		};
		F7CC76A22580B51E00D085AB /* ar */ = {
			isa = PBXGroup;
			children = (
				F7CC76D32580D00500D085AB /* Virtual  Object */,
				F7CC76CB2580CCA500D085AB /* Extensions */,
				F7CC76C42580C0D600D085AB /* Focus Square */,
				F7CC76A32580B51E00D085AB /* AppDelegate.swift */,
				F7CC76A72580B51E00D085AB /* ViewController.swift */,
				F7CC76C12580BFF300D085AB /* Utilities.swift */,
			);
			path = ar;
			sourceTree = "<group>";
		};
		F7CC76B82580B59B00D085AB /* Resource */ = {
			isa = PBXGroup;
			children = (
				F7CC76A92580B51E00D085AB /* Main.storyboard */,
				F7CC76AE2580B51F00D085AB /* LaunchScreen.storyboard */,
				F7CC76A52580B51E00D085AB /* art.scnassets */,
				F7CC76AC2580B51F00D085AB /* Assets.xcassets */,
				F7CC76B12580B51F00D085AB /* Info.plist */,
			);
			path = Resource;
			sourceTree = "<group>";
		};
		F7CC76C42580C0D600D085AB /* Focus Square */ = {
			isa = PBXGroup;
			children = (
				F7CC76C52580C0E200D085AB /* FocusSquare.swift */,
				F7CC76C82580C12F00D085AB /* FocusSquareSegment.swift */,
			);
			path = "Focus Square";
			sourceTree = "<group>";
		};
		F7CC76CB2580CCA500D085AB /* Extensions */ = {
			isa = PBXGroup;
			children = (
				F7CC76CC2580CCC100D085AB /* VC+ARCoachingOverlayViewDelegate.swift */,
				F7CC76D02580CCEA00D085AB /* VC+ARSCNViewDelegate.swift */,
			);
			path = Extensions;
			sourceTree = "<group>";
		};
		F7CC76D32580D00500D085AB /* Virtual  Object */ = {
			isa = PBXGroup;
			children = (
				F7CC76D42580D01300D085AB /* VirtualObject.swift */,
				F7CC76D82580D33000D085AB /* VirtualObjectLoader.swift */,
			);
			path = "Virtual  Object";
			sourceTree = "<group>";
		};
/* End PBXGroup section */

/* Begin PBXNativeTarget section */
		F7CC769F2580B51E00D085AB /* ar */ = {
			isa = PBXNativeTarget;
			buildConfigurationList = F7CC76B42580B51F00D085AB /* Build configuration list for PBXNativeTarget "ar" */;
			buildPhases = (
				F7CC769C2580B51E00D085AB /* Sources */,
				F7CC769D2580B51E00D085AB /* Frameworks */,
				F7CC769E2580B51E00D085AB /* Resources */,
			);
			buildRules = (
			);
			dependencies = (
			);
			name = ar;
			productName = ar;
			productReference = F7CC76A02580B51E00D085AB /* ar.app */;
			productType = "com.apple.product-type.application";
		};
/* End PBXNativeTarget section */

/* Begin PBXProject section */
		F7CC76982580B51E00D085AB /* Project object */ = {
			isa = PBXProject;
			attributes = {
				LastSwiftUpdateCheck = 1220;
				LastUpgradeCheck = 1220;
				TargetAttributes = {
					F7CC769F2580B51E00D085AB = {
						CreatedOnToolsVersion = 12.2;
					};
				};
			};
			buildConfigurationList = F7CC769B2580B51E00D085AB /* Build configuration list for PBXProject "ar" */;
			compatibilityVersion = "Xcode 9.3";
			developmentRegion = en;
			hasScannedForEncodings = 0;
			knownRegions = (
				en,
				Base,
			);
			mainGroup = F7CC76972580B51E00D085AB;
			productRefGroup = F7CC76A12580B51E00D085AB /* Products */;
			projectDirPath = "";
			projectRoot = "";
			targets = (
				F7CC769F2580B51E00D085AB /* ar */,
			);
		};
/* End PBXProject section */

/* Begin PBXResourcesBuildPhase section */
		F7CC769E2580B51E00D085AB /* Resources */ = {
			isa = PBXResourcesBuildPhase;
			buildActionMask = 2147483647;
			files = (
				F7CC76A62580B51E00D085AB /* art.scnassets in Resources */,
				F7CC76B02580B51F00D085AB /* LaunchScreen.storyboard in Resources */,
				F7CC76AD2580B51F00D085AB /* Assets.xcassets in Resources */,
				F7CC76AB2580B51E00D085AB /* Main.storyboard in Resources */,
			);
			runOnlyForDeploymentPostprocessing = 0;
		};
/* End PBXResourcesBuildPhase section */

/* Begin PBXSourcesBuildPhase section */
		F7CC769C2580B51E00D085AB /* Sources */ = {
			isa = PBXSourcesBuildPhase;
			buildActionMask = 2147483647;
			files = (
				F7CC76C92580C12F00D085AB /* FocusSquareSegment.swift in Sources */,
				F7CC76C22580BFF300D085AB /* Utilities.swift in Sources */,
				F7CC76CD2580CCC100D085AB /* VC+ARCoachingOverlayViewDelegate.swift in Sources */,
				F7CC76C62580C0E200D085AB /* FocusSquare.swift in Sources */,
				F7CC76D52580D01300D085AB /* VirtualObject.swift in Sources */,
				F7CC76D12580CCEA00D085AB /* VC+ARSCNViewDelegate.swift in Sources */,
				F7CC76A82580B51E00D085AB /* ViewController.swift in Sources */,
				F7CC76A42580B51E00D085AB /* AppDelegate.swift in Sources */,
				F7CC76D92580D33000D085AB /* VirtualObjectLoader.swift in Sources */,
			);
			runOnlyForDeploymentPostprocessing = 0;
		};
/* End PBXSourcesBuildPhase section */

/* Begin PBXVariantGroup section */
		F7CC76A92580B51E00D085AB /* Main.storyboard */ = {
			isa = PBXVariantGroup;
			children = (
				F7CC76AA2580B51E00D085AB /* Base */,
			);
			name = Main.storyboard;
			sourceTree = "<group>";
		};
		F7CC76AE2580B51F00D085AB /* LaunchScreen.storyboard */ = {
			isa = PBXVariantGroup;
			children = (
				F7CC76AF2580B51F00D085AB /* Base */,
			);
			name = LaunchScreen.storyboard;
			sourceTree = "<group>";
		};
/* End PBXVariantGroup section */

/* Begin XCBuildConfiguration section */
		F7CC76B22580B51F00D085AB /* Debug */ = {
			isa = XCBuildConfiguration;
			buildSettings = {
				ALWAYS_SEARCH_USER_PATHS = NO;
				CLANG_ANALYZER_NONNULL = YES;
				CLANG_ANALYZER_NUMBER_OBJECT_CONVERSION = YES_AGGRESSIVE;
				CLANG_CXX_LANGUAGE_STANDARD = "gnu++14";
				CLANG_CXX_LIBRARY = "libc++";
				CLANG_ENABLE_MODULES = YES;
				CLANG_ENABLE_OBJC_ARC = YES;
				CLANG_ENABLE_OBJC_WEAK = YES;
				CLANG_WARN_BLOCK_CAPTURE_AUTORELEASING = YES;
				CLANG_WARN_BOOL_CONVERSION = YES;
				CLANG_WARN_COMMA = YES;
				CLANG_WARN_CONSTANT_CONVERSION = YES;
				CLANG_WARN_DEPRECATED_OBJC_IMPLEMENTATIONS = YES;
				CLANG_WARN_DIRECT_OBJC_ISA_USAGE = YES_ERROR;
				CLANG_WARN_DOCUMENTATION_COMMENTS = YES;
				CLANG_WARN_EMPTY_BODY = YES;
				CLANG_WARN_ENUM_CONVERSION = YES;
				CLANG_WARN_INFINITE_RECURSION = YES;
				CLANG_WARN_INT_CONVERSION = YES;
				CLANG_WARN_NON_LITERAL_NULL_CONVERSION = YES;
				CLANG_WARN_OBJC_IMPLICIT_RETAIN_SELF = YES;
				CLANG_WARN_OBJC_LITERAL_CONVERSION = YES;
				CLANG_WARN_OBJC_ROOT_CLASS = YES_ERROR;
				CLANG_WARN_QUOTED_INCLUDE_IN_FRAMEWORK_HEADER = YES;
				CLANG_WARN_RANGE_LOOP_ANALYSIS = YES;
				CLANG_WARN_STRICT_PROTOTYPES = YES;
				CLANG_WARN_SUSPICIOUS_MOVE = YES;
				CLANG_WARN_UNGUARDED_AVAILABILITY = YES_AGGRESSIVE;
				CLANG_WARN_UNREACHABLE_CODE = YES;
				CLANG_WARN__DUPLICATE_METHOD_MATCH = YES;
				COPY_PHASE_STRIP = NO;
				DEBUG_INFORMATION_FORMAT = dwarf;
				ENABLE_STRICT_OBJC_MSGSEND = YES;
				ENABLE_TESTABILITY = YES;
				GCC_C_LANGUAGE_STANDARD = gnu11;
				GCC_DYNAMIC_NO_PIC = NO;
				GCC_NO_COMMON_BLOCKS = YES;
				GCC_OPTIMIZATION_LEVEL = 0;
				GCC_PREPROCESSOR_DEFINITIONS = (
					"DEBUG=1",
					"$(inherited)",
				);
				GCC_WARN_64_TO_32_BIT_CONVERSION = YES;
				GCC_WARN_ABOUT_RETURN_TYPE = YES_ERROR;
				GCC_WARN_UNDECLARED_SELECTOR = YES;
				GCC_WARN_UNINITIALIZED_AUTOS = YES_AGGRESSIVE;
				GCC_WARN_UNUSED_FUNCTION = YES;
				GCC_WARN_UNUSED_VARIABLE = YES;
				IPHONEOS_DEPLOYMENT_TARGET = 14.2;
				MTL_ENABLE_DEBUG_INFO = INCLUDE_SOURCE;
				MTL_FAST_MATH = YES;
				ONLY_ACTIVE_ARCH = YES;
				SDKROOT = iphoneos;
				SWIFT_ACTIVE_COMPILATION_CONDITIONS = DEBUG;
				SWIFT_OPTIMIZATION_LEVEL = "-Onone";
			};
			name = Debug;
		};
		F7CC76B32580B51F00D085AB /* Release */ = {
			isa = XCBuildConfiguration;
			buildSettings = {
				ALWAYS_SEARCH_USER_PATHS = NO;
				CLANG_ANALYZER_NONNULL = YES;
				CLANG_ANALYZER_NUMBER_OBJECT_CONVERSION = YES_AGGRESSIVE;
				CLANG_CXX_LANGUAGE_STANDARD = "gnu++14";
				CLANG_CXX_LIBRARY = "libc++";
				CLANG_ENABLE_MODULES = YES;
				CLANG_ENABLE_OBJC_ARC = YES;
				CLANG_ENABLE_OBJC_WEAK = YES;
				CLANG_WARN_BLOCK_CAPTURE_AUTORELEASING = YES;
				CLANG_WARN_BOOL_CONVERSION = YES;
				CLANG_WARN_COMMA = YES;
				CLANG_WARN_CONSTANT_CONVERSION = YES;
				CLANG_WARN_DEPRECATED_OBJC_IMPLEMENTATIONS = YES;
				CLANG_WARN_DIRECT_OBJC_ISA_USAGE = YES_ERROR;
				CLANG_WARN_DOCUMENTATION_COMMENTS = YES;
				CLANG_WARN_EMPTY_BODY = YES;
				CLANG_WARN_ENUM_CONVERSION = YES;
				CLANG_WARN_INFINITE_RECURSION = YES;
				CLANG_WARN_INT_CONVERSION = YES;
				CLANG_WARN_NON_LITERAL_NULL_CONVERSION = YES;
				CLANG_WARN_OBJC_IMPLICIT_RETAIN_SELF = YES;
				CLANG_WARN_OBJC_LITERAL_CONVERSION = YES;
				CLANG_WARN_OBJC_ROOT_CLASS = YES_ERROR;
				CLANG_WARN_QUOTED_INCLUDE_IN_FRAMEWORK_HEADER = YES;
				CLANG_WARN_RANGE_LOOP_ANALYSIS = YES;
				CLANG_WARN_STRICT_PROTOTYPES = YES;
				CLANG_WARN_SUSPICIOUS_MOVE = YES;
				CLANG_WARN_UNGUARDED_AVAILABILITY = YES_AGGRESSIVE;
				CLANG_WARN_UNREACHABLE_CODE = YES;
				CLANG_WARN__DUPLICATE_METHOD_MATCH = YES;
				COPY_PHASE_STRIP = NO;
				DEBUG_INFORMATION_FORMAT = "dwarf-with-dsym";
				ENABLE_NS_ASSERTIONS = NO;
				ENABLE_STRICT_OBJC_MSGSEND = YES;
				GCC_C_LANGUAGE_STANDARD = gnu11;
				GCC_NO_COMMON_BLOCKS = YES;
				GCC_WARN_64_TO_32_BIT_CONVERSION = YES;
				GCC_WARN_ABOUT_RETURN_TYPE = YES_ERROR;
				GCC_WARN_UNDECLARED_SELECTOR = YES;
				GCC_WARN_UNINITIALIZED_AUTOS = YES_AGGRESSIVE;
				GCC_WARN_UNUSED_FUNCTION = YES;
				GCC_WARN_UNUSED_VARIABLE = YES;
				IPHONEOS_DEPLOYMENT_TARGET = 14.2;
				MTL_ENABLE_DEBUG_INFO = NO;
				MTL_FAST_MATH = YES;
				SDKROOT = iphoneos;
				SWIFT_COMPILATION_MODE = wholemodule;
				SWIFT_OPTIMIZATION_LEVEL = "-O";
				VALIDATE_PRODUCT = YES;
			};
			name = Release;
		};
		F7CC76B52580B51F00D085AB /* Debug */ = {
			isa = XCBuildConfiguration;
			buildSettings = {
				ASSETCATALOG_COMPILER_APPICON_NAME = AppIcon;
				ASSETCATALOG_COMPILER_GLOBAL_ACCENT_COLOR_NAME = AccentColor;
				CODE_SIGN_STYLE = Automatic;
				DEVELOPMENT_TEAM = 8ZB49XM27T;
				INFOPLIST_FILE = Resource/Info.plist;
				IPHONEOS_DEPLOYMENT_TARGET = 13.0;
				LD_RUNPATH_SEARCH_PATHS = (
					"$(inherited)",
					"@executable_path/Frameworks",
				);
				PRODUCT_BUNDLE_IDENTIFIER = "com.ko.ar-work";
				PRODUCT_NAME = "$(TARGET_NAME)";
				SWIFT_VERSION = 5.0;
				TARGETED_DEVICE_FAMILY = "1,2";
			};
			name = Debug;
		};
		F7CC76B62580B51F00D085AB /* Release */ = {
			isa = XCBuildConfiguration;
			buildSettings = {
				ASSETCATALOG_COMPILER_APPICON_NAME = AppIcon;
				ASSETCATALOG_COMPILER_GLOBAL_ACCENT_COLOR_NAME = AccentColor;
				CODE_SIGN_STYLE = Automatic;
				DEVELOPMENT_TEAM = 8ZB49XM27T;
				INFOPLIST_FILE = Resource/Info.plist;
				IPHONEOS_DEPLOYMENT_TARGET = 13.0;
				LD_RUNPATH_SEARCH_PATHS = (
					"$(inherited)",
					"@executable_path/Frameworks",
				);
				PRODUCT_BUNDLE_IDENTIFIER = "com.ko.ar-work";
				PRODUCT_NAME = "$(TARGET_NAME)";
				SWIFT_VERSION = 5.0;
				TARGETED_DEVICE_FAMILY = "1,2";
			};
			name = Release;
		};
/* End XCBuildConfiguration section */

/* Begin XCConfigurationList section */
		F7CC769B2580B51E00D085AB /* Build configuration list for PBXProject "ar" */ = {
			isa = XCConfigurationList;
			buildConfigurations = (
				F7CC76B22580B51F00D085AB /* Debug */,
				F7CC76B32580B51F00D085AB /* Release */,
			);
			defaultConfigurationIsVisible = 0;
			defaultConfigurationName = Release;
		};
		F7CC76B42580B51F00D085AB /* Build configuration list for PBXNativeTarget "ar" */ = {
			isa = XCConfigurationList;
			buildConfigurations = (
				F7CC76B52580B51F00D085AB /* Debug */,
				F7CC76B62580B51F00D085AB /* Release */,
			);
			defaultConfigurationIsVisible = 0;
			defaultConfigurationName = Release;
		};
/* End XCConfigurationList section */
	};
	rootObject = F7CC76982580B51E00D085AB /* Project object */;
}
